{
  "pins" : [
    {
      "identity" : "contrastkit",
      "kind" : "remoteSourceControl",
      "location" : "https://github.com/markbattistella/ContrastKit",
      "state" : {
        "revision" : "9d88652723f702167ec8a6d1bdcc8801cfed5ed8",
        "version" : "1.0.2"
      }
    },
    {
      "identity" : "purchases-hybrid-common",
      "kind" : "remoteSourceControl",
      "location" : "https://github.com/RevenueCat/purchases-hybrid-common.git",
      "state" : {
        "revision" : "1d5f51370a3a6fc903f14a2519f943c8d6ca9006",
        "version" : "18.22.1"
      }
    },
    {
      "identity" : "purchases-ios-spm",
      "kind" : "remoteSourceControl",
      "location" : "https://github.com/RevenueCat/purchases-ios-spm",
      "state" : {
        "revision" : "17e7dff140f119869d918de83d7a2136a990ef9b",
        "version" : "5.81.0"
      }
    },
    {
      "identity" : "sentry-cocoa",
      "kind" : "remoteSourceControl",
      "location" : "https://github.com/getsentry/sentry-cocoa",
      "state" : {
        "revision" : "f196cbb98e0388381d57908f2f5a9bdc385cde68",
        "version" : "8.58.4"
      }
    }
  ],
  "version" : 2
}
