PODS:
  - device_info_plus (0.0.1):
    - FlutterMacOS
  - dynamic_color (0.0.2):
    - FlutterMacOS
  - file_selector_macos (0.0.1):
    - FlutterMacOS
  - flutter_local_notifications (0.0.1):
    - FlutterMacOS
  - flutter_timezone (0.1.0):
    - FlutterMacOS
  - flutter_zxing (0.0.1):
    - FlutterMacOS
  - FlutterMacOS (1.0.0)
  - irondash_engine_context (0.0.1):
    - FlutterMacOS
  - package_info_plus (0.0.1):
    - FlutterMacOS
  - path_provider_foundation (0.0.1):
    - Flutter
    - FlutterMacOS
  - protocol_handler_macos (0.0.1):
    - FlutterMacOS
  - share_plus (0.0.1):
    - FlutterMacOS
  - "sqlite3 (3.45.3+1)":
    - "sqlite3/common (= 3.45.3+1)"
  - "sqlite3/common (3.45.3+1)"
  - "sqlite3/fts5 (3.45.3+1)":
    - sqlite3/common
  - "sqlite3/perf-threadsafe (3.45.3+1)":
    - sqlite3/common
  - "sqlite3/rtree (3.45.3+1)":
    - sqlite3/common
  - sqlite3_flutter_libs (0.0.1):
    - FlutterMacOS
    - "sqlite3 (~> 3.45.3+1)"
    - sqlite3/fts5
    - sqlite3/perf-threadsafe
    - sqlite3/rtree
  - super_native_extensions (0.0.1):
    - FlutterMacOS
  - url_launcher_macos (0.0.1):
    - FlutterMacOS

DEPENDENCIES:
  - device_info_plus (from `Flutter/ephemeral/.symlinks/plugins/device_info_plus/macos`)
  - dynamic_color (from `Flutter/ephemeral/.symlinks/plugins/dynamic_color/macos`)
  - file_selector_macos (from `Flutter/ephemeral/.symlinks/plugins/file_selector_macos/macos`)
  - flutter_local_notifications (from `Flutter/ephemeral/.symlinks/plugins/flutter_local_notifications/macos`)
  - flutter_timezone (from `Flutter/ephemeral/.symlinks/plugins/flutter_timezone/macos`)
  - flutter_zxing (from `Flutter/ephemeral/.symlinks/plugins/flutter_zxing/macos`)
  - FlutterMacOS (from `Flutter/ephemeral`)
  - irondash_engine_context (from `Flutter/ephemeral/.symlinks/plugins/irondash_engine_context/macos`)
  - package_info_plus (from `Flutter/ephemeral/.symlinks/plugins/package_info_plus/macos`)
  - path_provider_foundation (from `Flutter/ephemeral/.symlinks/plugins/path_provider_foundation/darwin`)
  - protocol_handler_macos (from `Flutter/ephemeral/.symlinks/plugins/protocol_handler_macos/macos`)
  - share_plus (from `Flutter/ephemeral/.symlinks/plugins/share_plus/macos`)
  - sqlite3_flutter_libs (from `Flutter/ephemeral/.symlinks/plugins/sqlite3_flutter_libs/macos`)
  - super_native_extensions (from `Flutter/ephemeral/.symlinks/plugins/super_native_extensions/macos`)
  - url_launcher_macos (from `Flutter/ephemeral/.symlinks/plugins/url_launcher_macos/macos`)

SPEC REPOS:
  trunk:
    - sqlite3

EXTERNAL SOURCES:
  device_info_plus:
    :path: Flutter/ephemeral/.symlinks/plugins/device_info_plus/macos
  dynamic_color:
    :path: Flutter/ephemeral/.symlinks/plugins/dynamic_color/macos
  file_selector_macos:
    :path: Flutter/ephemeral/.symlinks/plugins/file_selector_macos/macos
  flutter_local_notifications:
    :path: Flutter/ephemeral/.symlinks/plugins/flutter_local_notifications/macos
  flutter_timezone:
    :path: Flutter/ephemeral/.symlinks/plugins/flutter_timezone/macos
  flutter_zxing:
    :path: Flutter/ephemeral/.symlinks/plugins/flutter_zxing/macos
  FlutterMacOS:
    :path: Flutter/ephemeral
  irondash_engine_context:
    :path: Flutter/ephemeral/.symlinks/plugins/irondash_engine_context/macos
  package_info_plus:
    :path: Flutter/ephemeral/.symlinks/plugins/package_info_plus/macos
  path_provider_foundation:
    :path: Flutter/ephemeral/.symlinks/plugins/path_provider_foundation/darwin
  protocol_handler_macos:
    :path: Flutter/ephemeral/.symlinks/plugins/protocol_handler_macos/macos
  share_plus:
    :path: Flutter/ephemeral/.symlinks/plugins/share_plus/macos
  sqlite3_flutter_libs:
    :path: Flutter/ephemeral/.symlinks/plugins/sqlite3_flutter_libs/macos
  super_native_extensions:
    :path: Flutter/ephemeral/.symlinks/plugins/super_native_extensions/macos
  url_launcher_macos:
    :path: Flutter/ephemeral/.symlinks/plugins/url_launcher_macos/macos

SPEC CHECKSUMS:
  device_info_plus: ce1b7762849d3ec103d0e0517299f2db7ad60720
  dynamic_color: 2eaa27267de1ca20d879fbd6e01259773fb1670f
  file_selector_macos: 54fdab7caa3ac3fc43c9fac4d7d8d231277f8cf2
  flutter_local_notifications: 3805ca215b2fb7f397d78b66db91f6a747af52e4
  flutter_timezone: 6b906d1740654acb16e50b639835628fea851037
  flutter_zxing: ea030278aa2a051cd81a5b0053be9d0569d11c9a
  FlutterMacOS: 8f6f14fa908a6fb3fba0cd85dbd81ec4b251fb24
  irondash_engine_context: da62996ee25616d2f01bbeb85dc115d813359478
  package_info_plus: fa739dd842b393193c5ca93c26798dff6e3d0e0c
  path_provider_foundation: 2b6b4c569c0fb62ec74538f866245ac84301af46
  protocol_handler_macos: d10a6c01d6373389ffd2278013ab4c47ed6d6daa
  share_plus: 36537c04ce0c3e3f5bd297ce4318b6d5ee5fd6cf
  sqlite3: 02d1f07eaaa01f80a1c16b4b31dfcbb3345ee01a
  sqlite3_flutter_libs: 8d204ef443cf0d5c1c8b058044eab53f3943a9c5
  super_native_extensions: 85efee3a7495b46b04befcfc86ed12069264ebf3
  url_launcher_macos: 5f437abeda8c85500ceb03f5c1938a8c5a705399

PODFILE CHECKSUM: 0d3963a09fc94f580682bd88480486da345dc3f0

COCOAPODS: 1.14.3
